schema: '2.0'
stages:
  data_ingestion:
    cmd: python backend/data_ingestion.py
    deps:
    - path: backend/data_ingestion.py
      hash: md5
      md5: 7989ef067e108c434d63ddf936d81ebe
      size: 241
    - path: data/loan_data.csv
      hash: md5
      md5: c13802044748773e03486b5d349d0dcc
      size: 3610978
  data_preprocess:
    cmd: python  backend/data_preprocess.py
    deps:
    - path: backend/data_preprocess.py
      hash: md5
      md5: a8c543eb0168e76889935beacd027911
      size: 1786
    - path: data/loan_data.csv
      hash: md5
      md5: c13802044748773e03486b5d349d0dcc
      size: 3610978
    outs:
    - path: data/preprocessed.csv
      hash: md5
      md5: 80db6cc1026591b18d4ed880a153f8ef
      size: 3741979
  model_train:
    cmd: python backend/model_train.py
    deps:
    - path: backend/model_train.py
      hash: md5
      md5: 09b26634f8733dab1d65956bd5932a38
      size: 7304
    - path: data/preprocessed.csv
      hash: md5
      md5: 80db6cc1026591b18d4ed880a153f8ef
      size: 3741979
    outs:
    - path: loan_predict.joblib
      hash: md5
      md5: 1fa3b56e6b158e632434b172538271d1
      size: 261200
  backend/data_ingestion:
    cmd: python  data_ingestion.py
    deps:
    - path: data/loan_data.csv
      hash: md5
      md5: c13802044748773e03486b5d349d0dcc
      size: 3610978
    - path: data_ingestion.py
      hash: md5
      md5: 09e7ed86d53fc203697fbb0ec6e6694a
      size: 207
  backend/data_preprocess:
    cmd: python  data_preprocess.py
    deps:
    - path: data/loan_data.csv
      hash: md5
      md5: c13802044748773e03486b5d349d0dcc
      size: 3610978
    - path: data_preprocess.py
      hash: md5
      md5: c2b78ed6d35c474a6c0601c639c00a7c
      size: 1940
    outs:
    - path: data/preprocessed.csv
      hash: md5
      md5: 80db6cc1026591b18d4ed880a153f8ef
      size: 3741979
  backend/model_train:
    cmd: python  model_train.py
    deps:
    - path: data/preprocessed.csv
      hash: md5
      md5: 80db6cc1026591b18d4ed880a153f8ef
      size: 3741979
    - path: model_train.py
      hash: md5
      md5: 745a4597074d255cd98edfb767428dbe
      size: 7324
    outs:
    - path: loan_predict.joblib
      hash: md5
      md5: aa7117aad82193ab913e8d4cd54822ec
      size: 259061
  backend/main:
    cmd: uvicorn backend.main:app
    deps:
    - path: backend/main.py
      hash: md5
      md5: 09307bc2784185c6ec2e4932228a7be9
      size: 1197
    - path: loan_predict.joblib
      hash: md5
      md5: 5a3b7b25c652ba72fa101c1637fd3ad3
      size: 263927
  frontend/main:
    cmd: streamlit run frontend/main.py
    deps:
    - path: backend/main.py
      hash: md5
      md5: 09307bc2784185c6ec2e4932228a7be9
      size: 1197
    - path: frontend/main.py
      hash: md5
      md5: 4b826b73fe4099aeaa204af3cd3e28b8
      size: 618
